
Microsoft Visual Studio Solution File, Format Version 12.00
# Visual Studio Version 16
VisualStudioVersion = 16.0.30907.101
MinimumVisualStudioVersion = 10.0.40219.1
Project("{2150E333-8FDC-42A3-9474-1A3956D46DE8}") = "Core", "Core", "{E9497F67-358A-4FB0-B32D-1178A54709CA}"
EndProject
Project("{9A19103F-16F7-4668-BE54-9A1E7A4F7556}") = "AcbaReportsApi.Application", "AcbaReportingApi\AcbaReportingApi.Application\AcbaReportsApi.Application.csproj", "{C07DA6F8-B298-4A71-8B75-5F5ACCD7605B}"
EndProject
Project("{2150E333-8FDC-42A3-9474-1A3956D46DE8}") = "Infrastructure", "Infrastructure", "{A242A2C4-E2DF-47E9-9F24-7597CAEAF27F}"
EndProject
Project("{9A19103F-16F7-4668-BE54-9A1E7A4F7556}") = "AcbaReportsApi.Infrastructure", "AcbaReportingApi\AcbaReportingApi.Infrastructure\AcbaReportsApi.Infrastructure.csproj", "{BF33DC25-D2CC-4CA5-A95F-8F2DBA83721B}"
EndProject
Project("{2150E333-8FDC-42A3-9474-1A3956D46DE8}") = "WebApi", "WebApi", "{BDE74EC2-2817-4981-839D-574352D0D97E}"
EndProject
Project("{9A19103F-16F7-4668-BE54-9A1E7A4F7556}") = "AcbaReportsApi", "AcbaReportingApi\AcbaReportingApi\AcbaReportsApi.csproj", "{DD5B4558-ECDC-43DE-B0AB-349100827279}"
EndProject
Project("{2150E333-8FDC-42A3-9474-1A3956D46DE8}") = "Reports", "Reports", "{82540BA9-B968-47D7-ACAB-F69D897C3ECE}"
EndProject
Project("{F14B399A-7131-4C87-9E4B-1186C45EF12D}") = "AcbaReportingApi.Reports", "AcbaReportingApi\AcbaReportingApi.Reports\AcbaReportingApi.Reports.rptproj", "{0776E373-F141-495E-95FC-98B0F7FA88E1}"
EndProject
Global
	GlobalSection(SolutionConfigurationPlatforms) = preSolution
		Debug|Any CPU = Debug|Any CPU
		DebugLocal|Any CPU = DebugLocal|Any CPU
		Release|Any CPU = Release|Any CPU
	EndGlobalSection
	GlobalSection(ProjectConfigurationPlatforms) = postSolution
		{C07DA6F8-B298-4A71-8B75-5F5ACCD7605B}.Debug|Any CPU.ActiveCfg = Debug|Any CPU
		{C07DA6F8-B298-4A71-8B75-5F5ACCD7605B}.Debug|Any CPU.Build.0 = Debug|Any CPU
		{C07DA6F8-B298-4A71-8B75-5F5ACCD7605B}.DebugLocal|Any CPU.ActiveCfg = Debug|Any CPU
		{C07DA6F8-B298-4A71-8B75-5F5ACCD7605B}.DebugLocal|Any CPU.Build.0 = Debug|Any CPU
		{C07DA6F8-B298-4A71-8B75-5F5ACCD7605B}.Release|Any CPU.ActiveCfg = Release|Any CPU
		{C07DA6F8-B298-4A71-8B75-5F5ACCD7605B}.Release|Any CPU.Build.0 = Release|Any CPU
		{BF33DC25-D2CC-4CA5-A95F-8F2DBA83721B}.Debug|Any CPU.ActiveCfg = Debug|Any CPU
		{BF33DC25-D2CC-4CA5-A95F-8F2DBA83721B}.Debug|Any CPU.Build.0 = Debug|Any CPU
		{BF33DC25-D2CC-4CA5-A95F-8F2DBA83721B}.DebugLocal|Any CPU.ActiveCfg = Debug|Any CPU
		{BF33DC25-D2CC-4CA5-A95F-8F2DBA83721B}.DebugLocal|Any CPU.Build.0 = Debug|Any CPU
		{BF33DC25-D2CC-4CA5-A95F-8F2DBA83721B}.Release|Any CPU.ActiveCfg = Release|Any CPU
		{BF33DC25-D2CC-4CA5-A95F-8F2DBA83721B}.Release|Any CPU.Build.0 = Release|Any CPU
		{DD5B4558-ECDC-43DE-B0AB-349100827279}.Debug|Any CPU.ActiveCfg = Debug|Any CPU
		{DD5B4558-ECDC-43DE-B0AB-349100827279}.Debug|Any CPU.Build.0 = Debug|Any CPU
		{DD5B4558-ECDC-43DE-B0AB-349100827279}.DebugLocal|Any CPU.ActiveCfg = Debug|Any CPU
		{DD5B4558-ECDC-43DE-B0AB-349100827279}.DebugLocal|Any CPU.Build.0 = Debug|Any CPU
		{DD5B4558-ECDC-43DE-B0AB-349100827279}.Release|Any CPU.ActiveCfg = Release|Any CPU
		{DD5B4558-ECDC-43DE-B0AB-349100827279}.Release|Any CPU.Build.0 = Release|Any CPU
		{0776E373-F141-495E-95FC-98B0F7FA88E1}.Debug|Any CPU.ActiveCfg = Debug
		{0776E373-F141-495E-95FC-98B0F7FA88E1}.Debug|Any CPU.Build.0 = Debug
		{0776E373-F141-495E-95FC-98B0F7FA88E1}.Debug|Any CPU.Deploy.0 = Debug
		{0776E373-F141-495E-95FC-98B0F7FA88E1}.DebugLocal|Any CPU.ActiveCfg = DebugLocal
		{0776E373-F141-495E-95FC-98B0F7FA88E1}.DebugLocal|Any CPU.Build.0 = DebugLocal
		{0776E373-F141-495E-95FC-98B0F7FA88E1}.Release|Any CPU.ActiveCfg = Release
		{0776E373-F141-495E-95FC-98B0F7FA88E1}.Release|Any CPU.Build.0 = Release
		{0776E373-F141-495E-95FC-98B0F7FA88E1}.Release|Any CPU.Deploy.0 = Release
	EndGlobalSection
	GlobalSection(SolutionProperties) = preSolution
		HideSolutionNode = FALSE
	EndGlobalSection
	GlobalSection(NestedProjects) = preSolution
		{C07DA6F8-B298-4A71-8B75-5F5ACCD7605B} = {E9497F67-358A-4FB0-B32D-1178A54709CA}
		{BF33DC25-D2CC-4CA5-A95F-8F2DBA83721B} = {A242A2C4-E2DF-47E9-9F24-7597CAEAF27F}
		{DD5B4558-ECDC-43DE-B0AB-349100827279} = {BDE74EC2-2817-4981-839D-574352D0D97E}
		{0776E373-F141-495E-95FC-98B0F7FA88E1} = {82540BA9-B968-47D7-ACAB-F69D897C3ECE}
	EndGlobalSection
	GlobalSection(ExtensibilityGlobals) = postSolution
		SolutionGuid = {3F4ECD68-AFBF-4AED-A2A6-1EEC7076AE7A}
	EndGlobalSection
EndGlobal
